// !$*UTF8*$!
{
	archiveVersion = 1;
	classes = {
	};
	objectVersion = 51;
	objects = {

/* Begin PBXBuildFile section */
		7E9E5114B89D6C5AD95D467F /* Pods_TimeConverter.framework in Frameworks */ = {isa = PBXBuildFile; fileRef = F79A16562714C44C564729C8 /* Pods_TimeConverter.framework */; };
		A741CEFC237D76C00050D4DF /* Assets.xcassets in Resources */ = {isa = PBXBuildFile; fileRef = A74861E4236E91A50045CAA3 /* Assets.xcassets */; };
		A74861D9236E919E0045CAA3 /* AppDelegate.swift in Sources */ = {isa = PBXBuildFile; fileRef = A74861D8236E919E0045CAA3 /* AppDelegate.swift */; };
		A74861DB236E919E0045CAA3 /* SceneDelegate.swift in Sources */ = {isa = PBXBuildFile; fileRef = A74861DA236E919E0045CAA3 /* SceneDelegate.swift */; };
		A74861DD236E919E0045CAA3 /* ViewController.swift in Sources */ = {isa = PBXBuildFile; fileRef = A74861DC236E919E0045CAA3 /* ViewController.swift */; };
		A74861E0236E919E0045CAA3 /* Main.storyboard in Resources */ = {isa = PBXBuildFile; fileRef = A74861DE236E919E0045CAA3 /* Main.storyboard */; };
		A74861E3236E919E0045CAA3 /* TimeConverter.xcdatamodeld in Sources */ = {isa = PBXBuildFile; fileRef = A74861E1236E919E0045CAA3 /* TimeConverter.xcdatamodeld */; };
		A74861E8236E91A50045CAA3 /* LaunchScreen.storyboard in Resources */ = {isa = PBXBuildFile; fileRef = A74861E6236E91A50045CAA3 /* LaunchScreen.storyboard */; };
		A7E1A473238E774600EAAEC3 /* TimesPanelViewController.swift in Sources */ = {isa = PBXBuildFile; fileRef = A7E1A472238E774500EAAEC3 /* TimesPanelViewController.swift */; };
		A7E1A475238E787500EAAEC3 /* SearchPanelViewController.swift in Sources */ = {isa = PBXBuildFile; fileRef = A7E1A474238E787500EAAEC3 /* SearchPanelViewController.swift */; };
		A7E2447F2372FCB200659290 /* BackendAndOther.swift in Sources */ = {isa = PBXBuildFile; fileRef = A7E2447D2372F14B00659290 /* BackendAndOther.swift */; };
/* End PBXBuildFile section */

/* Begin PBXFileReference section */
		A74861D5236E919E0045CAA3 /* TimeConverter.app */ = {isa = PBXFileReference; explicitFileType = wrapper.application; includeInIndex = 0; path = TimeConverter.app; sourceTree = BUILT_PRODUCTS_DIR; };
		A74861D8236E919E0045CAA3 /* AppDelegate.swift */ = {isa = PBXFileReference; lastKnownFileType = sourcecode.swift; path = AppDelegate.swift; sourceTree = "<group>"; };
		A74861DA236E919E0045CAA3 /* SceneDelegate.swift */ = {isa = PBXFileReference; lastKnownFileType = sourcecode.swift; path = SceneDelegate.swift; sourceTree = "<group>"; };
		A74861DC236E919E0045CAA3 /* ViewController.swift */ = {isa = PBXFileReference; lastKnownFileType = sourcecode.swift; path = ViewController.swift; sourceTree = "<group>"; };
		A74861DF236E919E0045CAA3 /* Base */ = {isa = PBXFileReference; lastKnownFileType = file.storyboard; name = Base; path = Base.lproj/Main.storyboard; sourceTree = "<group>"; };
		A74861E2236E919E0045CAA3 /* TimeConverter.xcdatamodel */ = {isa = PBXFileReference; lastKnownFileType = wrapper.xcdatamodel; path = TimeConverter.xcdatamodel; sourceTree = "<group>"; };
		A74861E4236E91A50045CAA3 /* Assets.xcassets */ = {isa = PBXFileReference; lastKnownFileType = folder.assetcatalog; path = Assets.xcassets; sourceTree = "<group>"; };
		A74861E7236E91A50045CAA3 /* Base */ = {isa = PBXFileReference; lastKnownFileType = file.storyboard; name = Base; path = Base.lproj/LaunchScreen.storyboard; sourceTree = "<group>"; };
		A74861E9236E91A50045CAA3 /* Info.plist */ = {isa = PBXFileReference; lastKnownFileType = text.plist.xml; path = Info.plist; sourceTree = "<group>"; };
		A7E1A472238E774500EAAEC3 /* TimesPanelViewController.swift */ = {isa = PBXFileReference; lastKnownFileType = sourcecode.swift; path = TimesPanelViewController.swift; sourceTree = "<group>"; };
		A7E1A474238E787500EAAEC3 /* SearchPanelViewController.swift */ = {isa = PBXFileReference; lastKnownFileType = sourcecode.swift; path = SearchPanelViewController.swift; sourceTree = "<group>"; };
		A7E2447D2372F14B00659290 /* BackendAndOther.swift */ = {isa = PBXFileReference; lastKnownFileType = sourcecode.swift; path = BackendAndOther.swift; sourceTree = "<group>"; };
		ED8A8AEA8F67CCBB24E7815F /* Pods-TimeConverter.release.xcconfig */ = {isa = PBXFileReference; includeInIndex = 1; lastKnownFileType = text.xcconfig; name = "Pods-TimeConverter.release.xcconfig"; path = "Target Support Files/Pods-TimeConverter/Pods-TimeConverter.release.xcconfig"; sourceTree = "<group>"; };
		F79A16562714C44C564729C8 /* Pods_TimeConverter.framework */ = {isa = PBXFileReference; explicitFileType = wrapper.framework; includeInIndex = 0; path = Pods_TimeConverter.framework; sourceTree = BUILT_PRODUCTS_DIR; };
		F7E36D5F4CE86813CF8B8EB6 /* Pods-TimeConverter.debug.xcconfig */ = {isa = PBXFileReference; includeInIndex = 1; lastKnownFileType = text.xcconfig; name = "Pods-TimeConverter.debug.xcconfig"; path = "Target Support Files/Pods-TimeConverter/Pods-TimeConverter.debug.xcconfig"; sourceTree = "<group>"; };
/* End PBXFileReference section */

/* Begin PBXFrameworksBuildPhase section */
		A74861D2236E919D0045CAA3 /* Frameworks */ = {
			isa = PBXFrameworksBuildPhase;
			buildActionMask = 2147483647;
			files = (
				7E9E5114B89D6C5AD95D467F /* Pods_TimeConverter.framework in Frameworks */,
			);
			runOnlyForDeploymentPostprocessing = 0;
		};
/* End PBXFrameworksBuildPhase section */

/* Begin PBXGroup section */
		1207C2A0F8AB03A726AD2506 /* Pods */ = {
			isa = PBXGroup;
			children = (
				F7E36D5F4CE86813CF8B8EB6 /* Pods-TimeConverter.debug.xcconfig */,
				ED8A8AEA8F67CCBB24E7815F /* Pods-TimeConverter.release.xcconfig */,
			);
			path = Pods;
			sourceTree = "<group>";
		};
		A74861CC236E919D0045CAA3 = {
			isa = PBXGroup;
			children = (
				A74861D7236E919E0045CAA3 /* TimeConverter */,
				A74861D6236E919E0045CAA3 /* Products */,
				1207C2A0F8AB03A726AD2506 /* Pods */,
				BFE2C317F0E698E864819FD5 /* Frameworks */,
			);
			sourceTree = "<group>";
		};
		A74861D6236E919E0045CAA3 /* Products */ = {
			isa = PBXGroup;
			children = (
				A74861D5236E919E0045CAA3 /* TimeConverter.app */,
			);
			name = Products;
			sourceTree = "<group>";
		};
		A74861D7236E919E0045CAA3 /* TimeConverter */ = {
			isa = PBXGroup;
			children = (
				A74861D8236E919E0045CAA3 /* AppDelegate.swift */,
				A74861DA236E919E0045CAA3 /* SceneDelegate.swift */,
				A74861DC236E919E0045CAA3 /* ViewController.swift */,
				A7E1A472238E774500EAAEC3 /* TimesPanelViewController.swift */,
				A7E1A474238E787500EAAEC3 /* SearchPanelViewController.swift */,
				A7E2447D2372F14B00659290 /* BackendAndOther.swift */,
				A74861DE236E919E0045CAA3 /* Main.storyboard */,
				A74861E4236E91A50045CAA3 /* Assets.xcassets */,
				A74861E6236E91A50045CAA3 /* LaunchScreen.storyboard */,
				A74861E9236E91A50045CAA3 /* Info.plist */,
				A74861E1236E919E0045CAA3 /* TimeConverter.xcdatamodeld */,
			);
			path = TimeConverter;
			sourceTree = "<group>";
		};
		BFE2C317F0E698E864819FD5 /* Frameworks */ = {
			isa = PBXGroup;
			children = (
				F79A16562714C44C564729C8 /* Pods_TimeConverter.framework */,
			);
			name = Frameworks;
			sourceTree = "<group>";
		};
/* End PBXGroup section */

/* Begin PBXNativeTarget section */
		A74861D4236E919D0045CAA3 /* TimeConverter */ = {
			isa = PBXNativeTarget;
			buildConfigurationList = A74861EC236E91A50045CAA3 /* Build configuration list for PBXNativeTarget "TimeConverter" */;
			buildPhases = (
				225E97A04716E2B509030B96 /* [CP] Check Pods Manifest.lock */,
				A74861D1236E919D0045CAA3 /* Sources */,
				A74861D2236E919D0045CAA3 /* Frameworks */,
				A74861D3236E919D0045CAA3 /* Resources */,
				9E21353510F306BE3FB3D828 /* [CP] Embed Pods Frameworks */,
			);
			buildRules = (
			);
			dependencies = (
			);
			name = TimeConverter;
			productName = TimeConverter;
			productReference = A74861D5236E919E0045CAA3 /* TimeConverter.app */;
			productType = "com.apple.product-type.application";
		};
/* End PBXNativeTarget section */

/* Begin PBXProject section */
		A74861CD236E919D0045CAA3 /* Project object */ = {
			isa = PBXProject;
			attributes = {
				LastSwiftUpdateCheck = 1120;
				LastUpgradeCheck = 1120;
				ORGANIZATIONNAME = "Samit Shaikh";
				TargetAttributes = {
					A74861D4236E919D0045CAA3 = {
						CreatedOnToolsVersion = 11.2;
					};
				};
			};
			buildConfigurationList = A74861D0236E919D0045CAA3 /* Build configuration list for PBXProject "TimeConverter" */;
			compatibilityVersion = "Xcode 9.3";
			developmentRegion = en;
			hasScannedForEncodings = 0;
			knownRegions = (
				en,
				Base,
			);
			mainGroup = A74861CC236E919D0045CAA3;
			productRefGroup = A74861D6236E919E0045CAA3 /* Products */;
			projectDirPath = "";
			projectRoot = "";
			targets = (
				A74861D4236E919D0045CAA3 /* TimeConverter */,
			);
		};
/* End PBXProject section */

/* Begin PBXResourcesBuildPhase section */
		A74861D3236E919D0045CAA3 /* Resources */ = {
			isa = PBXResourcesBuildPhase;
			buildActionMask = 2147483647;
			files = (
				A74861E8236E91A50045CAA3 /* LaunchScreen.storyboard in Resources */,
				A741CEFC237D76C00050D4DF /* Assets.xcassets in Resources */,
				A74861E0236E919E0045CAA3 /* Main.storyboard in Resources */,
			);
			runOnlyForDeploymentPostprocessing = 0;
		};
/* End PBXResourcesBuildPhase section */

/* Begin PBXShellScriptBuildPhase section */
		225E97A04716E2B509030B96 /* [CP] Check Pods Manifest.lock */ = {
			isa = PBXShellScriptBuildPhase;
			buildActionMask = 2147483647;
			files = (
			);
			inputFileListPaths = (
			);
			inputPaths = (
				"${PODS_PODFILE_DIR_PATH}/Podfile.lock",
				"${PODS_ROOT}/Manifest.lock",
			);
			name = "[CP] Check Pods Manifest.lock";
			outputFileListPaths = (
			);
			outputPaths = (
				"$(DERIVED_FILE_DIR)/Pods-TimeConverter-checkManifestLockResult.txt",
			);
			runOnlyForDeploymentPostprocessing = 0;
			shellPath = /bin/sh;
			shellScript = "diff \"${PODS_PODFILE_DIR_PATH}/Podfile.lock\" \"${PODS_ROOT}/Manifest.lock\" > /dev/null\nif [ $? != 0 ] ; then\n    # print error to STDERR\n    echo \"error: The sandbox is not in sync with the Podfile.lock. Run 'pod install' or update your CocoaPods installation.\" >&2\n    exit 1\nfi\n# This output is used by Xcode 'outputs' to avoid re-running this script phase.\necho \"SUCCESS\" > \"${SCRIPT_OUTPUT_FILE_0}\"\n";
			showEnvVarsInLog = 0;
		};
		9E21353510F306BE3FB3D828 /* [CP] Embed Pods Frameworks */ = {
			isa = PBXShellScriptBuildPhase;
			buildActionMask = 2147483647;
			files = (
			);
			inputFileListPaths = (
				"${PODS_ROOT}/Target Support Files/Pods-TimeConverter/Pods-TimeConverter-frameworks-${CONFIGURATION}-input-files.xcfilelist",
			);
			name = "[CP] Embed Pods Frameworks";
			outputFileListPaths = (
				"${PODS_ROOT}/Target Support Files/Pods-TimeConverter/Pods-TimeConverter-frameworks-${CONFIGURATION}-output-files.xcfilelist",
			);
			runOnlyForDeploymentPostprocessing = 0;
			shellPath = /bin/sh;
			shellScript = "\"${PODS_ROOT}/Target Support Files/Pods-TimeConverter/Pods-TimeConverter-frameworks.sh\"\n";
			showEnvVarsInLog = 0;
		};
/* End PBXShellScriptBuildPhase section */

/* Begin PBXSourcesBuildPhase section */
		A74861D1236E919D0045CAA3 /* Sources */ = {
			isa = PBXSourcesBuildPhase;
			buildActionMask = 2147483647;
			files = (
				A7E1A473238E774600EAAEC3 /* TimesPanelViewController.swift in Sources */,
				A74861DD236E919E0045CAA3 /* ViewController.swift in Sources */,
				A74861E3236E919E0045CAA3 /* TimeConverter.xcdatamodeld in Sources */,
				A74861D9236E919E0045CAA3 /* AppDelegate.swift in Sources */,
				A7E1A475238E787500EAAEC3 /* SearchPanelViewController.swift in Sources */,
				A74861DB236E919E0045CAA3 /* SceneDelegate.swift in Sources */,
				A7E2447F2372FCB200659290 /* BackendAndOther.swift in Sources */,
			);
			runOnlyForDeploymentPostprocessing = 0;
		};
/* End PBXSourcesBuildPhase section */

/* Begin PBXVariantGroup section */
		A74861DE236E919E0045CAA3 /* Main.storyboard */ = {
			isa = PBXVariantGroup;
			children = (
				A74861DF236E919E0045CAA3 /* Base */,
			);
			name = Main.storyboard;
			sourceTree = "<group>";
		};
		A74861E6236E91A50045CAA3 /* LaunchScreen.storyboard */ = {
			isa = PBXVariantGroup;
			children = (
				A74861E7236E91A50045CAA3 /* Base */,
			);
			name = LaunchScreen.storyboard;
			sourceTree = "<group>";
		};
/* End PBXVariantGroup section */

/* Begin XCBuildConfiguration section */
		A74861EA236E91A50045CAA3 /* Debug */ = {
			isa = XCBuildConfiguration;
			buildSettings = {
				ALWAYS_SEARCH_USER_PATHS = NO;
				CLANG_ANALYZER_NONNULL = YES;
				CLANG_ANALYZER_NUMBER_OBJECT_CONVERSION = YES_AGGRESSIVE;
				CLANG_CXX_LANGUAGE_STANDARD = "gnu++14";
				CLANG_CXX_LIBRARY = "libc++";
				CLANG_ENABLE_MODULES = YES;
				CLANG_ENABLE_OBJC_ARC = YES;
				CLANG_ENABLE_OBJC_WEAK = YES;
				CLANG_WARN_BLOCK_CAPTURE_AUTORELEASING = YES;
				CLANG_WARN_BOOL_CONVERSION = YES;
				CLANG_WARN_COMMA = YES;
				CLANG_WARN_CONSTANT_CONVERSION = YES;
				CLANG_WARN_DEPRECATED_OBJC_IMPLEMENTATIONS = YES;
				CLANG_WARN_DIRECT_OBJC_ISA_USAGE = YES_ERROR;
				CLANG_WARN_DOCUMENTATION_COMMENTS = YES;
				CLANG_WARN_EMPTY_BODY = YES;
				CLANG_WARN_ENUM_CONVERSION = YES;
				CLANG_WARN_INFINITE_RECURSION = YES;
				CLANG_WARN_INT_CONVERSION = YES;
				CLANG_WARN_NON_LITERAL_NULL_CONVERSION = YES;
				CLANG_WARN_OBJC_IMPLICIT_RETAIN_SELF = YES;
				CLANG_WARN_OBJC_LITERAL_CONVERSION = YES;
				CLANG_WARN_OBJC_ROOT_CLASS = YES_ERROR;
				CLANG_WARN_RANGE_LOOP_ANALYSIS = YES;
				CLANG_WARN_STRICT_PROTOTYPES = YES;
				CLANG_WARN_SUSPICIOUS_MOVE = YES;
				CLANG_WARN_UNGUARDED_AVAILABILITY = YES_AGGRESSIVE;
				CLANG_WARN_UNREACHABLE_CODE = YES;
				CLANG_WARN__DUPLICATE_METHOD_MATCH = YES;
				COPY_PHASE_STRIP = NO;
				DEBUG_INFORMATION_FORMAT = dwarf;
				ENABLE_STRICT_OBJC_MSGSEND = YES;
				ENABLE_TESTABILITY = YES;
				GCC_C_LANGUAGE_STANDARD = gnu11;
				GCC_DYNAMIC_NO_PIC = NO;
				GCC_NO_COMMON_BLOCKS = YES;
				GCC_OPTIMIZATION_LEVEL = 0;
				GCC_PREPROCESSOR_DEFINITIONS = (
					"DEBUG=1",
					"$(inherited)",
				);
				GCC_WARN_64_TO_32_BIT_CONVERSION = YES;
				GCC_WARN_ABOUT_RETURN_TYPE = YES_ERROR;
				GCC_WARN_UNDECLARED_SELECTOR = YES;
				GCC_WARN_UNINITIALIZED_AUTOS = YES_AGGRESSIVE;
				GCC_WARN_UNUSED_FUNCTION = YES;
				GCC_WARN_UNUSED_VARIABLE = YES;
				IPHONEOS_DEPLOYMENT_TARGET = 10;
				MTL_ENABLE_DEBUG_INFO = INCLUDE_SOURCE;
				MTL_FAST_MATH = YES;
				ONLY_ACTIVE_ARCH = YES;
				SDKROOT = iphoneos;
				SWIFT_ACTIVE_COMPILATION_CONDITIONS = DEBUG;
				SWIFT_OPTIMIZATION_LEVEL = "-Onone";
			};
			name = Debug;
		};
		A74861EB236E91A50045CAA3 /* Release */ = {
			isa = XCBuildConfiguration;
			buildSettings = {
				ALWAYS_SEARCH_USER_PATHS = NO;
				CLANG_ANALYZER_NONNULL = YES;
				CLANG_ANALYZER_NUMBER_OBJECT_CONVERSION = YES_AGGRESSIVE;
				CLANG_CXX_LANGUAGE_STANDARD = "gnu++14";
				CLANG_CXX_LIBRARY = "libc++";
				CLANG_ENABLE_MODULES = YES;
				CLANG_ENABLE_OBJC_ARC = YES;
				CLANG_ENABLE_OBJC_WEAK = YES;
				CLANG_WARN_BLOCK_CAPTURE_AUTORELEASING = YES;
				CLANG_WARN_BOOL_CONVERSION = YES;
				CLANG_WARN_COMMA = YES;
				CLANG_WARN_CONSTANT_CONVERSION = YES;
				CLANG_WARN_DEPRECATED_OBJC_IMPLEMENTATIONS = YES;
				CLANG_WARN_DIRECT_OBJC_ISA_USAGE = YES_ERROR;
				CLANG_WARN_DOCUMENTATION_COMMENTS = YES;
				CLANG_WARN_EMPTY_BODY = YES;
				CLANG_WARN_ENUM_CONVERSION = YES;
				CLANG_WARN_INFINITE_RECURSION = YES;
				CLANG_WARN_INT_CONVERSION = YES;
				CLANG_WARN_NON_LITERAL_NULL_CONVERSION = YES;
				CLANG_WARN_OBJC_IMPLICIT_RETAIN_SELF = YES;
				CLANG_WARN_OBJC_LITERAL_CONVERSION = YES;
				CLANG_WARN_OBJC_ROOT_CLASS = YES_ERROR;
				CLANG_WARN_RANGE_LOOP_ANALYSIS = YES;
				CLANG_WARN_STRICT_PROTOTYPES = YES;
				CLANG_WARN_SUSPICIOUS_MOVE = YES;
				CLANG_WARN_UNGUARDED_AVAILABILITY = YES_AGGRESSIVE;
				CLANG_WARN_UNREACHABLE_CODE = YES;
				CLANG_WARN__DUPLICATE_METHOD_MATCH = YES;
				COPY_PHASE_STRIP = NO;
				DEBUG_INFORMATION_FORMAT = "dwarf-with-dsym";
				ENABLE_NS_ASSERTIONS = NO;
				ENABLE_STRICT_OBJC_MSGSEND = YES;
				GCC_C_LANGUAGE_STANDARD = gnu11;
				GCC_NO_COMMON_BLOCKS = YES;
				GCC_WARN_64_TO_32_BIT_CONVERSION = YES;
				GCC_WARN_ABOUT_RETURN_TYPE = YES_ERROR;
				GCC_WARN_UNDECLARED_SELECTOR = YES;
				GCC_WARN_UNINITIALIZED_AUTOS = YES_AGGRESSIVE;
				GCC_WARN_UNUSED_FUNCTION = YES;
				GCC_WARN_UNUSED_VARIABLE = YES;
				IPHONEOS_DEPLOYMENT_TARGET = 10;
				MTL_ENABLE_DEBUG_INFO = NO;
				MTL_FAST_MATH = YES;
				SDKROOT = iphoneos;
				SWIFT_COMPILATION_MODE = wholemodule;
				SWIFT_OPTIMIZATION_LEVEL = "-O";
				VALIDATE_PRODUCT = YES;
			};
			name = Release;
		};
		A74861ED236E91A50045CAA3 /* Debug */ = {
			isa = XCBuildConfiguration;
			baseConfigurationReference = F7E36D5F4CE86813CF8B8EB6 /* Pods-TimeConverter.debug.xcconfig */;
			buildSettings = {
				ASSETCATALOG_COMPILER_APPICON_NAME = AppIcon;
				CODE_SIGN_STYLE = Automatic;
				DEVELOPMENT_TEAM = QGD2RL4226;
				INFOPLIST_FILE = TimeConverter/Info.plist;
				IPHONEOS_DEPLOYMENT_TARGET = 10.3;
				LD_RUNPATH_SEARCH_PATHS = (
					"$(inherited)",
					"@executable_path/Frameworks",
				);
				PRODUCT_BUNDLE_IDENTIFIER = com.gmail.samitshaikh43.TimeConverter;
				PRODUCT_NAME = "$(TARGET_NAME)";
				SWIFT_VERSION = 5.0;
				TARGETED_DEVICE_FAMILY = "1,2";
			};
			name = Debug;
		};
		A74861EE236E91A50045CAA3 /* Release */ = {
			isa = XCBuildConfiguration;
			baseConfigurationReference = ED8A8AEA8F67CCBB24E7815F /* Pods-TimeConverter.release.xcconfig */;
			buildSettings = {
				ASSETCATALOG_COMPILER_APPICON_NAME = AppIcon;
				CODE_SIGN_STYLE = Automatic;
				DEVELOPMENT_TEAM = QGD2RL4226;
				INFOPLIST_FILE = TimeConverter/Info.plist;
				IPHONEOS_DEPLOYMENT_TARGET = 10.3;
				LD_RUNPATH_SEARCH_PATHS = (
					"$(inherited)",
					"@executable_path/Frameworks",
				);
				PRODUCT_BUNDLE_IDENTIFIER = com.gmail.samitshaikh43.TimeConverter;
				PRODUCT_NAME = "$(TARGET_NAME)";
				SWIFT_VERSION = 5.0;
				TARGETED_DEVICE_FAMILY = "1,2";
			};
			name = Release;
		};
/* End XCBuildConfiguration section */

/* Begin XCConfigurationList section */
		A74861D0236E919D0045CAA3 /* Build configuration list for PBXProject "TimeConverter" */ = {
			isa = XCConfigurationList;
			buildConfigurations = (
				A74861EA236E91A50045CAA3 /* Debug */,
				A74861EB236E91A50045CAA3 /* Release */,
			);
			defaultConfigurationIsVisible = 0;
			defaultConfigurationName = Release;
		};
		A74861EC236E91A50045CAA3 /* Build configuration list for PBXNativeTarget "TimeConverter" */ = {
			isa = XCConfigurationList;
			buildConfigurations = (
				A74861ED236E91A50045CAA3 /* Debug */,
				A74861EE236E91A50045CAA3 /* Release */,
			);
			defaultConfigurationIsVisible = 0;
			defaultConfigurationName = Release;
		};
/* End XCConfigurationList section */

/* Begin XCVersionGroup section */
		A74861E1236E919E0045CAA3 /* TimeConverter.xcdatamodeld */ = {
			isa = XCVersionGroup;
			children = (
				A74861E2236E919E0045CAA3 /* TimeConverter.xcdatamodel */,
			);
			currentVersion = A74861E2236E919E0045CAA3 /* TimeConverter.xcdatamodel */;
			path = TimeConverter.xcdatamodeld;
			sourceTree = "<group>";
			versionGroupType = wrapper.xcdatamodel;
		};
/* End XCVersionGroup section */
	};
	rootObject = A74861CD236E919D0045CAA3 /* Project object */;
}
